// !$*UTF8*$!
{
	archiveVersion = 1;
	classes = {
	};
	objectVersion = 46;
	objects = {

/* Begin PBXBuildFile section */
		0D982F8C1E682C8100189809 /* AppDelegate.swift in Sources */ = {isa = PBXBuildFile; fileRef = 0D982F8B1E682C8100189809 /* AppDelegate.swift */; };
		0D982F8E1E682C8100189809 /* ViewController.swift in Sources */ = {isa = PBXBuildFile; fileRef = 0D982F8D1E682C8100189809 /* ViewController.swift */; };
		0D982F911E682C8100189809 /* Main.storyboard in Resources */ = {isa = PBXBuildFile; fileRef = 0D982F8F1E682C8100189809 /* Main.storyboard */; };
		0D982F931E682C8100189809 /* Assets.xcassets in Resources */ = {isa = PBXBuildFile; fileRef = 0D982F921E682C8100189809 /* Assets.xcassets */; };
		0D982F961E682C8100189809 /* LaunchScreen.storyboard in Resources */ = {isa = PBXBuildFile; fileRef = 0D982F941E682C8100189809 /* LaunchScreen.storyboard */; };
		0D982F9E1E682D3800189809 /* PushedViewController.swift in Sources */ = {isa = PBXBuildFile; fileRef = 0D982F9D1E682D3800189809 /* PushedViewController.swift */; };
		0D982FA01E682D4400189809 /* PresentViewController.swift in Sources */ = {isa = PBXBuildFile; fileRef = 0D982F9F1E682D4400189809 /* PresentViewController.swift */; };
		0D982FA21E68352500189809 /* LandscapeOnlyNavigationController.swift in Sources */ = {isa = PBXBuildFile; fileRef = 0D982FA11E68352500189809 /* LandscapeOnlyNavigationController.swift */; };
/* End PBXBuildFile section */

/* Begin PBXFileReference section */
		0D982F881E682C8100189809 /* OrientationTest.app */ = {isa = PBXFileReference; explicitFileType = wrapper.application; includeInIndex = 0; path = OrientationTest.app; sourceTree = BUILT_PRODUCTS_DIR; };
		0D982F8B1E682C8100189809 /* AppDelegate.swift */ = {isa = PBXFileReference; lastKnownFileType = sourcecode.swift; path = AppDelegate.swift; sourceTree = "<group>"; };
		0D982F8D1E682C8100189809 /* ViewController.swift */ = {isa = PBXFileReference; lastKnownFileType = sourcecode.swift; path = ViewController.swift; sourceTree = "<group>"; };
		0D982F901E682C8100189809 /* Base */ = {isa = PBXFileReference; lastKnownFileType = file.storyboard; name = Base; path = Base.lproj/Main.storyboard; sourceTree = "<group>"; };
		0D982F921E682C8100189809 /* Assets.xcassets */ = {isa = PBXFileReference; lastKnownFileType = folder.assetcatalog; path = Assets.xcassets; sourceTree = "<group>"; };
		0D982F951E682C8100189809 /* Base */ = {isa = PBXFileReference; lastKnownFileType = file.storyboard; name = Base; path = Base.lproj/LaunchScreen.storyboard; sourceTree = "<group>"; };
		0D982F971E682C8100189809 /* Info.plist */ = {isa = PBXFileReference; lastKnownFileType = text.plist.xml; path = Info.plist; sourceTree = "<group>"; };
		0D982F9D1E682D3800189809 /* PushedViewController.swift */ = {isa = PBXFileReference; fileEncoding = 4; lastKnownFileType = sourcecode.swift; path = PushedViewController.swift; sourceTree = "<group>"; };
		0D982F9F1E682D4400189809 /* PresentViewController.swift */ = {isa = PBXFileReference; fileEncoding = 4; lastKnownFileType = sourcecode.swift; path = PresentViewController.swift; sourceTree = "<group>"; };
		0D982FA11E68352500189809 /* LandscapeOnlyNavigationController.swift */ = {isa = PBXFileReference; fileEncoding = 4; lastKnownFileType = sourcecode.swift; path = LandscapeOnlyNavigationController.swift; sourceTree = "<group>"; };
/* End PBXFileReference section */

/* Begin PBXFrameworksBuildPhase section */
		0D982F851E682C8100189809 /* Frameworks */ = {
			isa = PBXFrameworksBuildPhase;
			buildActionMask = 2147483647;
			files = (
			);
			runOnlyForDeploymentPostprocessing = 0;
		};
/* End PBXFrameworksBuildPhase section */

/* Begin PBXGroup section */
		0D982F7F1E682C8100189809 = {
			isa = PBXGroup;
			children = (
				0D982F8A1E682C8100189809 /* OrientationTest */,
				0D982F891E682C8100189809 /* Products */,
			);
			sourceTree = "<group>";
		};
		0D982F891E682C8100189809 /* Products */ = {
			isa = PBXGroup;
			children = (
				0D982F881E682C8100189809 /* OrientationTest.app */,
			);
			name = Products;
			sourceTree = "<group>";
		};
		0D982F8A1E682C8100189809 /* OrientationTest */ = {
			isa = PBXGroup;
			children = (
				0D982F8B1E682C8100189809 /* AppDelegate.swift */,
				0D982F8D1E682C8100189809 /* ViewController.swift */,
				0D982F8F1E682C8100189809 /* Main.storyboard */,
				0D982F921E682C8100189809 /* Assets.xcassets */,
				0D982F941E682C8100189809 /* LaunchScreen.storyboard */,
				0D982F971E682C8100189809 /* Info.plist */,
				0D982F9D1E682D3800189809 /* PushedViewController.swift */,
				0D982F9F1E682D4400189809 /* PresentViewController.swift */,
				0D982FA11E68352500189809 /* LandscapeOnlyNavigationController.swift */,
			);
			path = OrientationTest;
			sourceTree = "<group>";
		};
/* End PBXGroup section */

/* Begin PBXNativeTarget section */
		0D982F871E682C8100189809 /* OrientationTest */ = {
			isa = PBXNativeTarget;
			buildConfigurationList = 0D982F9A1E682C8100189809 /* Build configuration list for PBXNativeTarget "OrientationTest" */;
			buildPhases = (
				0D982F841E682C8100189809 /* Sources */,
				0D982F851E682C8100189809 /* Frameworks */,
				0D982F861E682C8100189809 /* Resources */,
			);
			buildRules = (
			);
			dependencies = (
			);
			name = OrientationTest;
			productName = OrientationTest;
			productReference = 0D982F881E682C8100189809 /* OrientationTest.app */;
			productType = "com.apple.product-type.application";
		};
/* End PBXNativeTarget section */

/* Begin PBXProject section */
		0D982F801E682C8100189809 /* Project object */ = {
			isa = PBXProject;
			attributes = {
				LastSwiftUpdateCheck = 0820;
				LastUpgradeCheck = 0820;
				ORGANIZATIONNAME = "Prateek Grover";
				TargetAttributes = {
					0D982F871E682C8100189809 = {
						CreatedOnToolsVersion = 8.2.1;
						DevelopmentTeam = VW45EA4QV5;
						ProvisioningStyle = Automatic;
					};
				};
			};
			buildConfigurationList = 0D982F831E682C8100189809 /* Build configuration list for PBXProject "OrientationTest" */;
			compatibilityVersion = "Xcode 3.2";
			developmentRegion = English;
			hasScannedForEncodings = 0;
			knownRegions = (
				en,
				Base,
			);
			mainGroup = 0D982F7F1E682C8100189809;
			productRefGroup = 0D982F891E682C8100189809 /* Products */;
			projectDirPath = "";
			projectRoot = "";
			targets = (
				0D982F871E682C8100189809 /* OrientationTest */,
			);
		};
/* End PBXProject section */

/* Begin PBXResourcesBuildPhase section */
		0D982F861E682C8100189809 /* Resources */ = {
			isa = PBXResourcesBuildPhase;
			buildActionMask = 2147483647;
			files = (
				0D982F961E682C8100189809 /* LaunchScreen.storyboard in Resources */,
				0D982F931E682C8100189809 /* Assets.xcassets in Resources */,
				0D982F911E682C8100189809 /* Main.storyboard in Resources */,
			);
			runOnlyForDeploymentPostprocessing = 0;
		};
/* End PBXResourcesBuildPhase section */

/* Begin PBXSourcesBuildPhase section */
		0D982F841E682C8100189809 /* Sources */ = {
			isa = PBXSourcesBuildPhase;
			buildActionMask = 2147483647;
			files = (
				0D982FA21E68352500189809 /* LandscapeOnlyNavigationController.swift in Sources */,
				0D982F9E1E682D3800189809 /* PushedViewController.swift in Sources */,
				0D982F8E1E682C8100189809 /* ViewController.swift in Sources */,
				0D982FA01E682D4400189809 /* PresentViewController.swift in Sources */,
				0D982F8C1E682C8100189809 /* AppDelegate.swift in Sources */,
			);
			runOnlyForDeploymentPostprocessing = 0;
		};
/* End PBXSourcesBuildPhase section */

/* Begin PBXVariantGroup section */
		0D982F8F1E682C8100189809 /* Main.storyboard */ = {
			isa = PBXVariantGroup;
			children = (
				0D982F901E682C8100189809 /* Base */,
			);
			name = Main.storyboard;
			sourceTree = "<group>";
		};
		0D982F941E682C8100189809 /* LaunchScreen.storyboard */ = {
			isa = PBXVariantGroup;
			children = (
				0D982F951E682C8100189809 /* Base */,
			);
			name = LaunchScreen.storyboard;
			sourceTree = "<group>";
		};
/* End PBXVariantGroup section */

/* Begin XCBuildConfiguration section */
		0D982F981E682C8100189809 /* Debug */ = {
			isa = XCBuildConfiguration;
			buildSettings = {
				ALWAYS_SEARCH_USER_PATHS = NO;
				CLANG_ANALYZER_NONNULL = YES;
				CLANG_CXX_LANGUAGE_STANDARD = "gnu++0x";
				CLANG_CXX_LIBRARY = "libc++";
				CLANG_ENABLE_MODULES = YES;
				CLANG_ENABLE_OBJC_ARC = YES;
				CLANG_WARN_BOOL_CONVERSION = YES;
				CLANG_WARN_CONSTANT_CONVERSION = YES;
				CLANG_WARN_DIRECT_OBJC_ISA_USAGE = YES_ERROR;
				CLANG_WARN_DOCUMENTATION_COMMENTS = YES;
				CLANG_WARN_EMPTY_BODY = YES;
				CLANG_WARN_ENUM_CONVERSION = YES;
				CLANG_WARN_INFINITE_RECURSION = YES;
				CLANG_WARN_INT_CONVERSION = YES;
				CLANG_WARN_OBJC_ROOT_CLASS = YES_ERROR;
				CLANG_WARN_SUSPICIOUS_MOVE = YES;
				CLANG_WARN_UNREACHABLE_CODE = YES;
				CLANG_WARN__DUPLICATE_METHOD_MATCH = YES;
				"CODE_SIGN_IDENTITY[sdk=iphoneos*]" = "iPhone Developer";
				COPY_PHASE_STRIP = NO;
				DEBUG_INFORMATION_FORMAT = dwarf;
				ENABLE_STRICT_OBJC_MSGSEND = YES;
				ENABLE_TESTABILITY = YES;
				GCC_C_LANGUAGE_STANDARD = gnu99;
				GCC_DYNAMIC_NO_PIC = NO;
				GCC_NO_COMMON_BLOCKS = YES;
				GCC_OPTIMIZATION_LEVEL = 0;
				GCC_PREPROCESSOR_DEFINITIONS = (
					"DEBUG=1",
					"$(inherited)",
				);
				GCC_WARN_64_TO_32_BIT_CONVERSION = YES;
				GCC_WARN_ABOUT_RETURN_TYPE = YES_ERROR;
				GCC_WARN_UNDECLARED_SELECTOR = YES;
				GCC_WARN_UNINITIALIZED_AUTOS = YES_AGGRESSIVE;
				GCC_WARN_UNUSED_FUNCTION = YES;
				GCC_WARN_UNUSED_VARIABLE = YES;
				IPHONEOS_DEPLOYMENT_TARGET = 10.2;
				MTL_ENABLE_DEBUG_INFO = YES;
				ONLY_ACTIVE_ARCH = YES;
				SDKROOT = iphoneos;
				SWIFT_ACTIVE_COMPILATION_CONDITIONS = DEBUG;
				SWIFT_OPTIMIZATION_LEVEL = "-Onone";
				TARGETED_DEVICE_FAMILY = "1,2";
			};
			name = Debug;
		};
		0D982F991E682C8100189809 /* Release */ = {
			isa = XCBuildConfiguration;
			buildSettings = {
				ALWAYS_SEARCH_USER_PATHS = NO;
				CLANG_ANALYZER_NONNULL = YES;
				CLANG_CXX_LANGUAGE_STANDARD = "gnu++0x";
				CLANG_CXX_LIBRARY = "libc++";
				CLANG_ENABLE_MODULES = YES;
				CLANG_ENABLE_OBJC_ARC = YES;
				CLANG_WARN_BOOL_CONVERSION = YES;
				CLANG_WARN_CONSTANT_CONVERSION = YES;
				CLANG_WARN_DIRECT_OBJC_ISA_USAGE = YES_ERROR;
				CLANG_WARN_DOCUMENTATION_COMMENTS = YES;
				CLANG_WARN_EMPTY_BODY = YES;
				CLANG_WARN_ENUM_CONVERSION = YES;
				CLANG_WARN_INFINITE_RECURSION = YES;
				CLANG_WARN_INT_CONVERSION = YES;
				CLANG_WARN_OBJC_ROOT_CLASS = YES_ERROR;
				CLANG_WARN_SUSPICIOUS_MOVE = YES;
				CLANG_WARN_UNREACHABLE_CODE = YES;
				CLANG_WARN__DUPLICATE_METHOD_MATCH = YES;
				"CODE_SIGN_IDENTITY[sdk=iphoneos*]" = "iPhone Developer";
				COPY_PHASE_STRIP = NO;
				DEBUG_INFORMATION_FORMAT = "dwarf-with-dsym";
				ENABLE_NS_ASSERTIONS = NO;
				ENABLE_STRICT_OBJC_MSGSEND = YES;
				GCC_C_LANGUAGE_STANDARD = gnu99;
				GCC_NO_COMMON_BLOCKS = YES;
				GCC_WARN_64_TO_32_BIT_CONVERSION = YES;
				GCC_WARN_ABOUT_RETURN_TYPE = YES_ERROR;
				GCC_WARN_UNDECLARED_SELECTOR = YES;
				GCC_WARN_UNINITIALIZED_AUTOS = YES_AGGRESSIVE;
				GCC_WARN_UNUSED_FUNCTION = YES;
				GCC_WARN_UNUSED_VARIABLE = YES;
				IPHONEOS_DEPLOYMENT_TARGET = 10.2;
				MTL_ENABLE_DEBUG_INFO = NO;
				SDKROOT = iphoneos;
				SWIFT_OPTIMIZATION_LEVEL = "-Owholemodule";
				TARGETED_DEVICE_FAMILY = "1,2";
				VALIDATE_PRODUCT = YES;
			};
			name = Release;
		};
		0D982F9B1E682C8100189809 /* Debug */ = {
			isa = XCBuildConfiguration;
			buildSettings = {
				ASSETCATALOG_COMPILER_APPICON_NAME = AppIcon;
				DEVELOPMENT_TEAM = VW45EA4QV5;
				INFOPLIST_FILE = OrientationTest/Info.plist;
				LD_RUNPATH_SEARCH_PATHS = "$(inherited) @executable_path/Frameworks";
				PRODUCT_BUNDLE_IDENTIFIER = com.prateek.OrientationTest;
				PRODUCT_NAME = "$(TARGET_NAME)";
				SWIFT_VERSION = 3.0;
			};
			name = Debug;
		};
		0D982F9C1E682C8100189809 /* Release */ = {
			isa = XCBuildConfiguration;
			buildSettings = {
				ASSETCATALOG_COMPILER_APPICON_NAME = AppIcon;
				DEVELOPMENT_TEAM = VW45EA4QV5;
				INFOPLIST_FILE = OrientationTest/Info.plist;
				LD_RUNPATH_SEARCH_PATHS = "$(inherited) @executable_path/Frameworks";
				PRODUCT_BUNDLE_IDENTIFIER = com.prateek.OrientationTest;
				PRODUCT_NAME = "$(TARGET_NAME)";
				SWIFT_VERSION = 3.0;
			};
			name = Release;
		};
/* End XCBuildConfiguration section */

/* Begin XCConfigurationList section */
		0D982F831E682C8100189809 /* Build configuration list for PBXProject "OrientationTest" */ = {
			isa = XCConfigurationList;
			buildConfigurations = (
				0D982F981E682C8100189809 /* Debug */,
				0D982F991E682C8100189809 /* Release */,
			);
			defaultConfigurationIsVisible = 0;
			defaultConfigurationName = Release;
		};
		0D982F9A1E682C8100189809 /* Build configuration list for PBXNativeTarget "OrientationTest" */ = {
			isa = XCConfigurationList;
			buildConfigurations = (
				0D982F9B1E682C8100189809 /* Debug */,
				0D982F9C1E682C8100189809 /* Release */,
			);
			defaultConfigurationIsVisible = 0;
		};
/* End XCConfigurationList section */
	};
	rootObject = 0D982F801E682C8100189809 /* Project object */;
}
